
Microsoft Visual Studio Solution File, Format Version 12.00
# Visual Studio Version 17
VisualStudioVersion = 17.10.35013.160
MinimumVisualStudioVersion = 10.0.40219.1
Project("{9A19103F-16F7-4668-BE54-9A1E7A4F7556}") = "App", "App\App.csproj", "{A5350482-F0D6-4F14-8157-54B182170F51}"
EndProject
Project("{9A19103F-16F7-4668-BE54-9A1E7A4F7556}") = "LangLang", "..\..\Uvod u softversko inzenjerstvo\Language school\cp-usi-2024-3-a\LangLang\LangLang.csproj", "{4AEDA427-1D31-4C58-B1BD-49638AB1E89C}"
EndProject
Global
	GlobalSection(SolutionConfigurationPlatforms) = preSolution
		Debug|Any CPU = Debug|Any CPU
		Release|Any CPU = Release|Any CPU
	EndGlobalSection
	GlobalSection(ProjectConfigurationPlatforms) = postSolution
		{A5350482-F0D6-4F14-8157-54B182170F51}.Debug|Any CPU.ActiveCfg = Debug|Any CPU
		{A5350482-F0D6-4F14-8157-54B182170F51}.Debug|Any CPU.Build.0 = Debug|Any CPU
		{A5350482-F0D6-4F14-8157-54B182170F51}.Release|Any CPU.ActiveCfg = Release|Any CPU
		{A5350482-F0D6-4F14-8157-54B182170F51}.Release|Any CPU.Build.0 = Release|Any CPU
		{4AEDA427-1D31-4C58-B1BD-49638AB1E89C}.Debug|Any CPU.ActiveCfg = Debug|Any CPU
		{4AEDA427-1D31-4C58-B1BD-49638AB1E89C}.Debug|Any CPU.Build.0 = Debug|Any CPU
		{4AEDA427-1D31-4C58-B1BD-49638AB1E89C}.Release|Any CPU.ActiveCfg = Release|Any CPU
		{4AEDA427-1D31-4C58-B1BD-49638AB1E89C}.Release|Any CPU.Build.0 = Release|Any CPU
	EndGlobalSection
	GlobalSection(SolutionProperties) = preSolution
		HideSolutionNode = FALSE
	EndGlobalSection
	GlobalSection(ExtensibilityGlobals) = postSolution
		SolutionGuid = {20B86CFB-EE1F-48CD-B031-10E0FC7B3053}
	EndGlobalSection
EndGlobal
